
Microsoft Visual Studio Solution File, Format Version 12.00
# Visual Studio Version 17
VisualStudioVersion = 17.4.33103.184
MinimumVisualStudioVersion = 10.0.40219.1
Project("{FAE04EC0-301F-11D3-BF4B-00C04F79EFBC}") = "API-ValleSilicona", "API-ValleSilicona\API-ValleSilicona.csproj", "{FCE19F0B-3F4D-4A83-BBF2-A99C27810FC2}"
EndProject
Global
	GlobalSection(SolutionConfigurationPlatforms) = preSolution
		Debug|Any CPU = Debug|Any CPU
		Release|Any CPU = Release|Any CPU
	EndGlobalSection
	GlobalSection(ProjectConfigurationPlatforms) = postSolution
		{FCE19F0B-3F4D-4A83-BBF2-A99C27810FC2}.Debug|Any CPU.ActiveCfg = Debug|Any CPU
		{FCE19F0B-3F4D-4A83-BBF2-A99C27810FC2}.Debug|Any CPU.Build.0 = Debug|Any CPU
		{FCE19F0B-3F4D-4A83-BBF2-A99C27810FC2}.Release|Any CPU.ActiveCfg = Release|Any CPU
		{FCE19F0B-3F4D-4A83-BBF2-A99C27810FC2}.Release|Any CPU.Build.0 = Release|Any CPU
	EndGlobalSection
	GlobalSection(SolutionProperties) = preSolution
		HideSolutionNode = FALSE
	EndGlobalSection
	GlobalSection(ExtensibilityGlobals) = postSolution
		SolutionGuid = {E3452097-7EBF-4B62-9BD5-41169E0812BF}
	EndGlobalSection
EndGlobal
